
Microsoft Visual Studio Solution File, Format Version 12.00
# Visual Studio Version 16
VisualStudioVersion = 16.0.31129.286
MinimumVisualStudioVersion = 10.0.40219.1
Project("{FAE04EC0-301F-11D3-BF4B-00C04F79EFBC}") = "MultiplayerGameFramework", "MultiplayerGameFramework\MultiplayerGameFramework.csproj", "{FACAABD2-5584-460C-BD22-9616DE79F022}"
EndProject
Project("{FAE04EC0-301F-11D3-BF4B-00C04F79EFBC}") = "MGF_Photon4", "MGF_Photon4\MGF_Photon4.csproj", "{40621CA5-A526-448F-85CF-5A15266EF5FF}"
EndProject
Project("{FAE04EC0-301F-11D3-BF4B-00C04F79EFBC}") = "Servers", "Servers\Servers.csproj", "{5A54BBFE-778A-41AD-8BAA-581E46E4818E}"
EndProject
Global
	GlobalSection(SolutionConfigurationPlatforms) = preSolution
		Debug|Any CPU = Debug|Any CPU
		Release|Any CPU = Release|Any CPU
	EndGlobalSection
	GlobalSection(ProjectConfigurationPlatforms) = postSolution
		{FACAABD2-5584-460C-BD22-9616DE79F022}.Debug|Any CPU.ActiveCfg = Debug|Any CPU
		{FACAABD2-5584-460C-BD22-9616DE79F022}.Debug|Any CPU.Build.0 = Debug|Any CPU
		{FACAABD2-5584-460C-BD22-9616DE79F022}.Release|Any CPU.ActiveCfg = Release|Any CPU
		{FACAABD2-5584-460C-BD22-9616DE79F022}.Release|Any CPU.Build.0 = Release|Any CPU
		{40621CA5-A526-448F-85CF-5A15266EF5FF}.Debug|Any CPU.ActiveCfg = Debug|Any CPU
		{40621CA5-A526-448F-85CF-5A15266EF5FF}.Debug|Any CPU.Build.0 = Debug|Any CPU
		{40621CA5-A526-448F-85CF-5A15266EF5FF}.Release|Any CPU.ActiveCfg = Release|Any CPU
		{40621CA5-A526-448F-85CF-5A15266EF5FF}.Release|Any CPU.Build.0 = Release|Any CPU
		{5A54BBFE-778A-41AD-8BAA-581E46E4818E}.Debug|Any CPU.ActiveCfg = Debug|Any CPU
		{5A54BBFE-778A-41AD-8BAA-581E46E4818E}.Debug|Any CPU.Build.0 = Debug|Any CPU
		{5A54BBFE-778A-41AD-8BAA-581E46E4818E}.Release|Any CPU.ActiveCfg = Release|Any CPU
		{5A54BBFE-778A-41AD-8BAA-581E46E4818E}.Release|Any CPU.Build.0 = Release|Any CPU
	EndGlobalSection
	GlobalSection(SolutionProperties) = preSolution
		HideSolutionNode = FALSE
	EndGlobalSection
	GlobalSection(ExtensibilityGlobals) = postSolution
		SolutionGuid = {EBF88E6D-A8EB-4FEE-9401-0538447BB693}
	EndGlobalSection
EndGlobal
